<?xml version="1.0" encoding="utf-8"?>
<Project ToolsVersion="4.0" xmlns="http://schemas.microsoft.com/developer/msbuild/2003">
  <ItemGroup>
    <Filter Include="FreeRTOS_Source">
      <UniqueIdentifier>{b90c4c1b-9c25-44bd-8248-eb922016c72d}</UniqueIdentifier>
    </Filter>
    <Filter Include="FreeRTOS_Source\Include">
      <UniqueIdentifier>{9b73e518-1624-45cf-8810-89a9f694864a}</UniqueIdentifier>
    </Filter>
    <Filter Include="FreeRTOS_Source\Source">
      <UniqueIdentifier>{1766a478-6d8b-4914-b2e7-137a6e823cd3}</UniqueIdentifier>
    </Filter>
    <Filter Include="Configuration File">
      <UniqueIdentifier>{67a57e06-a113-4a84-8341-9a3d37b25eee}</UniqueIdentifier>
    </Filter>
    <Filter Include="Source File">
      <UniqueIdentifier>{8d0a2ce7-4935-4bda-b7b7-a3b27244f887}</UniqueIdentifier>
    </Filter>
  </ItemGroup>
  <ItemGroup>
    <ClInclude Include="..\Demo\FreeRTOSConfig.h">
      <Filter>Configuration File</Filter>
    </ClInclude>
    <ClInclude Include="..\FreeRTOS_Source\include\croutine.h">
      <Filter>FreeRTOS_Source\Include</Filter>
    </ClInclude>
    <ClInclude Include="..\FreeRTOS_Source\include\deprecated_definitions.h">
      <Filter>FreeRTOS_Source\Include</Filter>
    </ClInclude>
    <ClInclude Include="..\FreeRTOS_Source\include\event_groups.h">
      <Filter>FreeRTOS_Source\Include</Filter>
    </ClInclude>
    <ClInclude Include="..\FreeRTOS_Source\include\FreeRTOS.h">
      <Filter>FreeRTOS_Source\Include</Filter>
    </ClInclude>
    <ClInclude Include="..\FreeRTOS_Source\include\list.h">
      <Filter>FreeRTOS_Source\Include</Filter>
    </ClInclude>
    <ClInclude Include="..\FreeRTOS_Source\include\mpu_prototypes.h">
      <Filter>FreeRTOS_Source\Include</Filter>
    </ClInclude>
    <ClInclude Include="..\FreeRTOS_Source\include\mpu_wrappers.h">
      <Filter>FreeRTOS_Source\Include</Filter>
    </ClInclude>
    <ClInclude Include="..\FreeRTOS_Source\include\projdefs.h">
      <Filter>FreeRTOS_Source\Include</Filter>
    </ClInclude>
    <ClInclude Include="..\FreeRTOS_Source\portable\MSVC-MingW\portmacro.h">
      <Filter>FreeRTOS_Source\Include</Filter>
    </ClInclude>
    <ClInclude Include="..\FreeRTOS_Source\include\portable.h">
      <Filter>FreeRTOS_Source\Include</Filter>
    </ClInclude>
    <ClInclude Include="..\FreeRTOS_Source\include\queue.h">
      <Filter>FreeRTOS_Source\Include</Filter>
    </ClInclude>
    <ClInclude Include="..\FreeRTOS_Source\include\semphr.h">
      <Filter>FreeRTOS_Source\Include</Filter>
    </ClInclude>
    <ClInclude Include="..\FreeRTOS_Source\include\StackMacros.h">
      <Filter>FreeRTOS_Source\Include</Filter>
    </ClInclude>
    <ClInclude Include="..\FreeRTOS_Source\include\task.h">
      <Filter>FreeRTOS_Source\Include</Filter>
    </ClInclude>
    <ClInclude Include="..\FreeRTOS_Source\include\timers.h">
      <Filter>FreeRTOS_Source\Include</Filter>
    </ClInclude>
  </ItemGroup>
  <ItemGroup>
    <ClCompile Include="..\FreeRTOS_Source\croutine.c">
      <Filter>FreeRTOS_Source\Source</Filter>
    </ClCompile>
    <ClCompile Include="..\FreeRTOS_Source\event_groups.c">
      <Filter>FreeRTOS_Source\Source</Filter>
    </ClCompile>
    <ClCompile Include="..\FreeRTOS_Source\list.c">
      <Filter>FreeRTOS_Source\Source</Filter>
    </ClCompile>
    <ClCompile Include="..\FreeRTOS_Source\portable\MSVC-MingW\port.c">
      <Filter>FreeRTOS_Source\Source</Filter>
    </ClCompile>
    <ClCompile Include="..\FreeRTOS_Source\queue.c">
      <Filter>FreeRTOS_Source\Source</Filter>
    </ClCompile>
    <ClCompile Include="..\FreeRTOS_Source\tasks.c">
      <Filter>FreeRTOS_Source\Source</Filter>
    </ClCompile>
    <ClCompile Include="..\FreeRTOS_Source\timers.c">
      <Filter>FreeRTOS_Source\Source</Filter>
    </ClCompile>
    <ClCompile Include="..\Demo\main.c">
      <Filter>Source File</Filter>
    </ClCompile>
    <ClCompile Include="..\FreeRTOS_Source\portable\MemMang\heap_4.c">
      <Filter>FreeRTOS_Source\Source</Filter>
    </ClCompile>
  </ItemGroup>
</Project>